
Microsoft Visual Studio Solution File, Format Version 12.00
# Visual Studio Version 16
VisualStudioVersion = 16.0.29905.134
MinimumVisualStudioVersion = 10.0.40219.1
Project("{FAE04EC0-301F-11D3-BF4B-00C04F79EFBC}") = "ConnectFore", "ConnectFore.csproj", "{7933E19E-9909-4E3A-9830-54843E179152}"
EndProject
Global
	GlobalSection(SolutionConfigurationPlatforms) = preSolution
		Debug|Any CPU = Debug|Any CPU
		Release|Any CPU = Release|Any CPU
	EndGlobalSection
	GlobalSection(ProjectConfigurationPlatforms) = postSolution
		{7933E19E-9909-4E3A-9830-54843E179152}.Debug|Any CPU.ActiveCfg = Debug|Any CPU
		{7933E19E-9909-4E3A-9830-54843E179152}.Debug|Any CPU.Build.0 = Debug|Any CPU
		{7933E19E-9909-4E3A-9830-54843E179152}.Release|Any CPU.ActiveCfg = Release|Any CPU
		{7933E19E-9909-4E3A-9830-54843E179152}.Release|Any CPU.Build.0 = Release|Any CPU
	EndGlobalSection
	GlobalSection(SolutionProperties) = preSolution
		HideSolutionNode = FALSE
	EndGlobalSection
	GlobalSection(ExtensibilityGlobals) = postSolution
		SolutionGuid = {4D103892-A68A-49B4-A06A-9732A8CA3499}
	EndGlobalSection
EndGlobal
